
Microsoft Visual Studio Solution File, Format Version 12.00
# Visual Studio Version 16
VisualStudioVersion = 16.0.30204.135
MinimumVisualStudioVersion = 10.0.40219.1
Project("{FAE04EC0-301F-11D3-BF4B-00C04F79EFBC}") = "WebApplication1", "WebApplication1\WebApplication1.csproj", "{B968AB18-F4D5-4EA0-A76F-717E0C2E96AC}"
EndProject
Global
	GlobalSection(SolutionConfigurationPlatforms) = preSolution
		Debug|Any CPU = Debug|Any CPU
		Release|Any CPU = Release|Any CPU
	EndGlobalSection
	GlobalSection(ProjectConfigurationPlatforms) = postSolution
		{B968AB18-F4D5-4EA0-A76F-717E0C2E96AC}.Debug|Any CPU.ActiveCfg = Debug|Any CPU
		{B968AB18-F4D5-4EA0-A76F-717E0C2E96AC}.Debug|Any CPU.Build.0 = Debug|Any CPU
		{B968AB18-F4D5-4EA0-A76F-717E0C2E96AC}.Release|Any CPU.ActiveCfg = Release|Any CPU
		{B968AB18-F4D5-4EA0-A76F-717E0C2E96AC}.Release|Any CPU.Build.0 = Release|Any CPU
	EndGlobalSection
	GlobalSection(SolutionProperties) = preSolution
		HideSolutionNode = FALSE
	EndGlobalSection
	GlobalSection(ExtensibilityGlobals) = postSolution
		SolutionGuid = {EFD4DC06-054E-4519-9ECB-51272BBBD90C}
	EndGlobalSection
EndGlobal
